
Microsoft Visual Studio Solution File, Format Version 12.00
# Visual Studio Version 16
VisualStudioVersion = 16.0.33027.164
MinimumVisualStudioVersion = 10.0.40219.1
Project("{FAE04EC0-301F-11D3-BF4B-00C04F79EFBC}") = "Project1", "Project1\Project1.csproj", "{213A3ED7-BDDF-4744-9B94-BA1F651CCD13}"
EndProject
Global
	GlobalSection(SolutionConfigurationPlatforms) = preSolution
		Debug|Any CPU = Debug|Any CPU
		Release|Any CPU = Release|Any CPU
	EndGlobalSection
	GlobalSection(ProjectConfigurationPlatforms) = postSolution
		{213A3ED7-BDDF-4744-9B94-BA1F651CCD13}.Debug|Any CPU.ActiveCfg = Debug|Any CPU
		{213A3ED7-BDDF-4744-9B94-BA1F651CCD13}.Debug|Any CPU.Build.0 = Debug|Any CPU
		{213A3ED7-BDDF-4744-9B94-BA1F651CCD13}.Release|Any CPU.ActiveCfg = Release|Any CPU
		{213A3ED7-BDDF-4744-9B94-BA1F651CCD13}.Release|Any CPU.Build.0 = Release|Any CPU
	EndGlobalSection
	GlobalSection(SolutionProperties) = preSolution
		HideSolutionNode = FALSE
	EndGlobalSection
	GlobalSection(ExtensibilityGlobals) = postSolution
		SolutionGuid = {31BFD14D-7CF0-45C4-AB3F-E533418D56C6}
	EndGlobalSection
EndGlobal
